
Microsoft Visual Studio Solution File, Format Version 12.00
# Visual Studio Version 17
VisualStudioVersion = 17.4.33213.308
MinimumVisualStudioVersion = 10.0.40219.1
Project("{FAE04EC0-301F-11D3-BF4B-00C04F79EFBC}") = "PoCAPI", "PoCAPI.csproj", "{AF68F298-577C-4A4A-AB68-157F8EB92488}"
EndProject
Global
	GlobalSection(SolutionConfigurationPlatforms) = preSolution
		Debug|Any CPU = Debug|Any CPU
		Release|Any CPU = Release|Any CPU
	EndGlobalSection
	GlobalSection(ProjectConfigurationPlatforms) = postSolution
		{AF68F298-577C-4A4A-AB68-157F8EB92488}.Debug|Any CPU.ActiveCfg = Debug|Any CPU
		{AF68F298-577C-4A4A-AB68-157F8EB92488}.Debug|Any CPU.Build.0 = Debug|Any CPU
		{AF68F298-577C-4A4A-AB68-157F8EB92488}.Release|Any CPU.ActiveCfg = Release|Any CPU
		{AF68F298-577C-4A4A-AB68-157F8EB92488}.Release|Any CPU.Build.0 = Release|Any CPU
	EndGlobalSection
	GlobalSection(SolutionProperties) = preSolution
		HideSolutionNode = FALSE
	EndGlobalSection
	GlobalSection(ExtensibilityGlobals) = postSolution
		SolutionGuid = {AED25852-8B6C-4853-A4DC-033377612671}
	EndGlobalSection
EndGlobal
